
Microsoft Visual Studio Solution File, Format Version 12.00
# Visual Studio Version 18
VisualStudioVersion = 18.5.11612.153 insiders
MinimumVisualStudioVersion = 10.0.40219.1
Project("{FAE04EC0-301F-11D3-BF4B-00C04F79EFBC}") = "cp2-advanced-business-.net", "cp2-advanced-business-.net.csproj", "{076E0A9D-68AB-B47A-72B6-455B1098843D}"
EndProject
Global
	GlobalSection(SolutionConfigurationPlatforms) = preSolution
		Debug|Any CPU = Debug|Any CPU
		Release|Any CPU = Release|Any CPU
	EndGlobalSection
	GlobalSection(ProjectConfigurationPlatforms) = postSolution
		{076E0A9D-68AB-B47A-72B6-455B1098843D}.Debug|Any CPU.ActiveCfg = Debug|Any CPU
		{076E0A9D-68AB-B47A-72B6-455B1098843D}.Debug|Any CPU.Build.0 = Debug|Any CPU
		{076E0A9D-68AB-B47A-72B6-455B1098843D}.Release|Any CPU.ActiveCfg = Release|Any CPU
		{076E0A9D-68AB-B47A-72B6-455B1098843D}.Release|Any CPU.Build.0 = Release|Any CPU
	EndGlobalSection
	GlobalSection(SolutionProperties) = preSolution
		HideSolutionNode = FALSE
	EndGlobalSection
	GlobalSection(ExtensibilityGlobals) = postSolution
		SolutionGuid = {82B14740-B334-4A13-B7AD-B21D159C9078}
	EndGlobalSection
EndGlobal
